
Microsoft Visual Studio Solution File, Format Version 12.00
# Visual Studio Version 16
VisualStudioVersion = 16.0.29519.181
MinimumVisualStudioVersion = 10.0.40219.1
Project("{FAE04EC0-301F-11D3-BF4B-00C04F79EFBC}") = "POCVariavelAmbiente", "POCVariavelAmbiente\POCVariavelAmbiente.csproj", "{7CA31A3E-2D35-4F3B-80D2-F76D54AEAD5C}"
EndProject
Global
	GlobalSection(SolutionConfigurationPlatforms) = preSolution
		Debug|Any CPU = Debug|Any CPU
		Release|Any CPU = Release|Any CPU
	EndGlobalSection
	GlobalSection(ProjectConfigurationPlatforms) = postSolution
		{7CA31A3E-2D35-4F3B-80D2-F76D54AEAD5C}.Debug|Any CPU.ActiveCfg = Debug|Any CPU
		{7CA31A3E-2D35-4F3B-80D2-F76D54AEAD5C}.Debug|Any CPU.Build.0 = Debug|Any CPU
		{7CA31A3E-2D35-4F3B-80D2-F76D54AEAD5C}.Release|Any CPU.ActiveCfg = Release|Any CPU
		{7CA31A3E-2D35-4F3B-80D2-F76D54AEAD5C}.Release|Any CPU.Build.0 = Release|Any CPU
	EndGlobalSection
	GlobalSection(SolutionProperties) = preSolution
		HideSolutionNode = FALSE
	EndGlobalSection
	GlobalSection(ExtensibilityGlobals) = postSolution
		SolutionGuid = {8713E588-C9E1-4B4E-A4E9-44EA6E0202D6}
	EndGlobalSection
EndGlobal
